Microsoft Visual Studio Solution File, Format Version 12.00
# Visual Studio Version 17
VisualStudioVersion = 17.5.2.0
MinimumVisualStudioVersion = 10.0.40219.1
Project("{FAE04EC0-301F-11D3-BF4B-00C04F79EFBC}") = "BudgetControl", "BudgetControl.csproj", "{DCB444F6-B87C-FE90-77FD-2242BB0DE67B}"
EndProject
Global
	GlobalSection(SolutionConfigurationPlatforms) = preSolution
		Debug|Any CPU = Debug|Any CPU
		Release|Any CPU = Release|Any CPU
	EndGlobalSection
	GlobalSection(ProjectConfigurationPlatforms) = postSolution
		{DCB444F6-B87C-FE90-77FD-2242BB0DE67B}.Debug|Any CPU.ActiveCfg = Debug|Any CPU
		{DCB444F6-B87C-FE90-77FD-2242BB0DE67B}.Debug|Any CPU.Build.0 = Debug|Any CPU
		{DCB444F6-B87C-FE90-77FD-2242BB0DE67B}.Release|Any CPU.ActiveCfg = Release|Any CPU
		{DCB444F6-B87C-FE90-77FD-2242BB0DE67B}.Release|Any CPU.Build.0 = Release|Any CPU
	EndGlobalSection
	GlobalSection(SolutionProperties) = preSolution
		HideSolutionNode = FALSE
	EndGlobalSection
	GlobalSection(ExtensibilityGlobals) = postSolution
		SolutionGuid = {49AFDBB3-3BC5-4260-B91C-454C5D15C3E2}
	EndGlobalSection
EndGlobal
